// !$*UTF8*$!
{
	archiveVersion = 1;
	classes = {
	};
	objectVersion = 46;
	objects = {

/* Begin PBXBuildFile section */
		F8746B381A2E9FAE001C7C10 /* Default-568h@2x.png in Resources */ = {isa = PBXBuildFile; fileRef = F8746B371A2E9FAE001C7C10 /* Default-568h@2x.png */; };
		F8AB05DA1A2EC6B600242CE6 /* AppDelegate.m in Sources */ = {isa = PBXBuildFile; fileRef = F8AB05CF1A2EC6B600242CE6 /* AppDelegate.m */; };
		F8AB05DB1A2EC6B600242CE6 /* Images.xcassets in Resources */ = {isa = PBXBuildFile; fileRef = F8AB05D01A2EC6B600242CE6 /* Images.xcassets */; };
		F8AB05DD1A2EC6B600242CE6 /* main.m in Sources */ = {isa = PBXBuildFile; fileRef = F8AB05D21A2EC6B600242CE6 /* main.m */; };
		F8AB05E81A2EC6DB00242CE6 /* UINavigationController+SYiOS7ModalFix.m in Sources */ = {isa = PBXBuildFile; fileRef = F8AB05E31A2EC6DB00242CE6 /* UINavigationController+SYiOS7ModalFix.m */; };
		F8AB05E91A2EC6DB00242CE6 /* UIView+SYiOS7ModalFix.m in Sources */ = {isa = PBXBuildFile; fileRef = F8AB05E51A2EC6DB00242CE6 /* UIView+SYiOS7ModalFix.m */; };
		F8AB05EA1A2EC6DB00242CE6 /* UIViewController+SYiOS7ModalFix.m in Sources */ = {isa = PBXBuildFile; fileRef = F8AB05E71A2EC6DB00242CE6 /* UIViewController+SYiOS7ModalFix.m */; };
/* End PBXBuildFile section */

/* Begin PBXFileReference section */
		035A8E1F7FA80EFAE3A0AFA7 /* libPods.a */ = {isa = PBXFileReference; explicitFileType = archive.ar; includeInIndex = 0; path = libPods.a; sourceTree = BUILT_PRODUCTS_DIR; };
		F8746B0E1A2E9F1F001C7C10 /* SYiOS7ModalFixExample.app */ = {isa = PBXFileReference; explicitFileType = wrapper.application; includeInIndex = 0; path = SYiOS7ModalFixExample.app; sourceTree = BUILT_PRODUCTS_DIR; };
		F8746B371A2E9FAE001C7C10 /* Default-568h@2x.png */ = {isa = PBXFileReference; lastKnownFileType = image.png; path = "Default-568h@2x.png"; sourceTree = "<group>"; };
		F8AB05CE1A2EC6B600242CE6 /* AppDelegate.h */ = {isa = PBXFileReference; fileEncoding = 4; lastKnownFileType = sourcecode.c.h; path = AppDelegate.h; sourceTree = "<group>"; };
		F8AB05CF1A2EC6B600242CE6 /* AppDelegate.m */ = {isa = PBXFileReference; fileEncoding = 4; lastKnownFileType = sourcecode.c.objc; path = AppDelegate.m; sourceTree = "<group>"; };
		F8AB05D01A2EC6B600242CE6 /* Images.xcassets */ = {isa = PBXFileReference; lastKnownFileType = folder.assetcatalog; path = Images.xcassets; sourceTree = "<group>"; };
		F8AB05D11A2EC6B600242CE6 /* Info.plist */ = {isa = PBXFileReference; fileEncoding = 4; lastKnownFileType = text.plist.xml; name = Info.plist; path = SYiOS7ModalFixExample/Info.plist; sourceTree = SOURCE_ROOT; };
		F8AB05D21A2EC6B600242CE6 /* main.m */ = {isa = PBXFileReference; fileEncoding = 4; lastKnownFileType = sourcecode.c.objc; name = main.m; path = SYiOS7ModalFixExample/main.m; sourceTree = SOURCE_ROOT; };
		F8AB05E21A2EC6DB00242CE6 /* UINavigationController+SYiOS7ModalFix.h */ = {isa = PBXFileReference; fileEncoding = 4; lastKnownFileType = sourcecode.c.h; path = "UINavigationController+SYiOS7ModalFix.h"; sourceTree = "<group>"; };
		F8AB05E31A2EC6DB00242CE6 /* UINavigationController+SYiOS7ModalFix.m */ = {isa = PBXFileReference; fileEncoding = 4; lastKnownFileType = sourcecode.c.objc; path = "UINavigationController+SYiOS7ModalFix.m"; sourceTree = "<group>"; };
		F8AB05E41A2EC6DB00242CE6 /* UIView+SYiOS7ModalFix.h */ = {isa = PBXFileReference; fileEncoding = 4; lastKnownFileType = sourcecode.c.h; path = "UIView+SYiOS7ModalFix.h"; sourceTree = "<group>"; };
		F8AB05E51A2EC6DB00242CE6 /* UIView+SYiOS7ModalFix.m */ = {isa = PBXFileReference; fileEncoding = 4; lastKnownFileType = sourcecode.c.objc; path = "UIView+SYiOS7ModalFix.m"; sourceTree = "<group>"; };
		F8AB05E61A2EC6DB00242CE6 /* UIViewController+SYiOS7ModalFix.h */ = {isa = PBXFileReference; fileEncoding = 4; lastKnownFileType = sourcecode.c.h; path = "UIViewController+SYiOS7ModalFix.h"; sourceTree = "<group>"; };
		F8AB05E71A2EC6DB00242CE6 /* UIViewController+SYiOS7ModalFix.m */ = {isa = PBXFileReference; fileEncoding = 4; lastKnownFileType = sourcecode.c.objc; path = "UIViewController+SYiOS7ModalFix.m"; sourceTree = "<group>"; };
/* End PBXFileReference section */

/* Begin PBXFrameworksBuildPhase section */
		F8746B0B1A2E9F1F001C7C10 /* Frameworks */ = {
			isa = PBXFrameworksBuildPhase;
			buildActionMask = 2147483647;
			files = (
			);
			runOnlyForDeploymentPostprocessing = 0;
		};
/* End PBXFrameworksBuildPhase section */

/* Begin PBXGroup section */
		CF09152D88519D56B72C4C19 /* Frameworks */ = {
			isa = PBXGroup;
			children = (
				035A8E1F7FA80EFAE3A0AFA7 /* libPods.a */,
			);
			name = Frameworks;
			sourceTree = "<group>";
		};
		F8746B051A2E9F1F001C7C10 = {
			isa = PBXGroup;
			children = (
				F8746B371A2E9FAE001C7C10 /* Default-568h@2x.png */,
				F8AB05E11A2EC6DB00242CE6 /* SYiOS7ModalFix */,
				F8AB05CD1A2EC6B600242CE6 /* SYiOS7ModalFixExample */,
				F8746B0F1A2E9F1F001C7C10 /* Products */,
				CF09152D88519D56B72C4C19 /* Frameworks */,
			);
			sourceTree = "<group>";
		};
		F8746B0F1A2E9F1F001C7C10 /* Products */ = {
			isa = PBXGroup;
			children = (
				F8746B0E1A2E9F1F001C7C10 /* SYiOS7ModalFixExample.app */,
			);
			name = Products;
			sourceTree = "<group>";
		};
		F8746B111A2E9F1F001C7C10 /* Supporting Files */ = {
			isa = PBXGroup;
			children = (
				F8AB05D11A2EC6B600242CE6 /* Info.plist */,
				F8AB05D21A2EC6B600242CE6 /* main.m */,
			);
			name = "Supporting Files";
			path = ../SYiOS7ModalFix;
			sourceTree = "<group>";
		};
		F8AB05CD1A2EC6B600242CE6 /* SYiOS7ModalFixExample */ = {
			isa = PBXGroup;
			children = (
				F8AB05CE1A2EC6B600242CE6 /* AppDelegate.h */,
				F8AB05CF1A2EC6B600242CE6 /* AppDelegate.m */,
				F8AB05D01A2EC6B600242CE6 /* Images.xcassets */,
				F8746B111A2E9F1F001C7C10 /* Supporting Files */,
			);
			path = SYiOS7ModalFixExample;
			sourceTree = "<group>";
		};
		F8AB05E11A2EC6DB00242CE6 /* SYiOS7ModalFix */ = {
			isa = PBXGroup;
			children = (
				F8AB05E41A2EC6DB00242CE6 /* UIView+SYiOS7ModalFix.h */,
				F8AB05E51A2EC6DB00242CE6 /* UIView+SYiOS7ModalFix.m */,
				F8AB05E61A2EC6DB00242CE6 /* UIViewController+SYiOS7ModalFix.h */,
				F8AB05E71A2EC6DB00242CE6 /* UIViewController+SYiOS7ModalFix.m */,
				F8AB05E21A2EC6DB00242CE6 /* UINavigationController+SYiOS7ModalFix.h */,
				F8AB05E31A2EC6DB00242CE6 /* UINavigationController+SYiOS7ModalFix.m */,
			);
			path = SYiOS7ModalFix;
			sourceTree = "<group>";
		};
/* End PBXGroup section */

/* Begin PBXNativeTarget section */
		F8746B0D1A2E9F1F001C7C10 /* SYiOS7ModalFixExample */ = {
			isa = PBXNativeTarget;
			buildConfigurationList = F8746B311A2E9F1F001C7C10 /* Build configuration list for PBXNativeTarget "SYiOS7ModalFixExample" */;
			buildPhases = (
				F8746B0A1A2E9F1F001C7C10 /* Sources */,
				F8746B0B1A2E9F1F001C7C10 /* Frameworks */,
				F8746B0C1A2E9F1F001C7C10 /* Resources */,
			);
			buildRules = (
			);
			dependencies = (
			);
			name = SYiOS7ModalFixExample;
			productName = SYiOS7ModalFix;
			productReference = F8746B0E1A2E9F1F001C7C10 /* SYiOS7ModalFixExample.app */;
			productType = "com.apple.product-type.application";
		};
/* End PBXNativeTarget section */

/* Begin PBXProject section */
		F8746B061A2E9F1F001C7C10 /* Project object */ = {
			isa = PBXProject;
			attributes = {
				LastUpgradeCheck = 0610;
				ORGANIZATIONNAME = Syan.me;
				TargetAttributes = {
					F8746B0D1A2E9F1F001C7C10 = {
						CreatedOnToolsVersion = 6.1;
					};
				};
			};
			buildConfigurationList = F8746B091A2E9F1F001C7C10 /* Build configuration list for PBXProject "SYiOS7ModalFixExample" */;
			compatibilityVersion = "Xcode 3.2";
			developmentRegion = English;
			hasScannedForEncodings = 0;
			knownRegions = (
				en,
				Base,
			);
			mainGroup = F8746B051A2E9F1F001C7C10;
			productRefGroup = F8746B0F1A2E9F1F001C7C10 /* Products */;
			projectDirPath = "";
			projectRoot = "";
			targets = (
				F8746B0D1A2E9F1F001C7C10 /* SYiOS7ModalFixExample */,
			);
		};
/* End PBXProject section */

/* Begin PBXResourcesBuildPhase section */
		F8746B0C1A2E9F1F001C7C10 /* Resources */ = {
			isa = PBXResourcesBuildPhase;
			buildActionMask = 2147483647;
			files = (
				F8AB05DB1A2EC6B600242CE6 /* Images.xcassets in Resources */,
				F8746B381A2E9FAE001C7C10 /* Default-568h@2x.png in Resources */,
			);
			runOnlyForDeploymentPostprocessing = 0;
		};
/* End PBXResourcesBuildPhase section */

/* Begin PBXSourcesBuildPhase section */
		F8746B0A1A2E9F1F001C7C10 /* Sources */ = {
			isa = PBXSourcesBuildPhase;
			buildActionMask = 2147483647;
			files = (
				F8AB05E91A2EC6DB00242CE6 /* UIView+SYiOS7ModalFix.m in Sources */,
				F8AB05E81A2EC6DB00242CE6 /* UINavigationController+SYiOS7ModalFix.m in Sources */,
				F8AB05DA1A2EC6B600242CE6 /* AppDelegate.m in Sources */,
				F8AB05EA1A2EC6DB00242CE6 /* UIViewController+SYiOS7ModalFix.m in Sources */,
				F8AB05DD1A2EC6B600242CE6 /* main.m in Sources */,
			);
			runOnlyForDeploymentPostprocessing = 0;
		};
/* End PBXSourcesBuildPhase section */

/* Begin XCBuildConfiguration section */
		F8746B2F1A2E9F1F001C7C10 /* Debug */ = {
			isa = XCBuildConfiguration;
			buildSettings = {
				ALWAYS_SEARCH_USER_PATHS = NO;
				CLANG_CXX_LANGUAGE_STANDARD = "gnu++0x";
				CLANG_CXX_LIBRARY = "libc++";
				CLANG_ENABLE_MODULES = YES;
				CLANG_ENABLE_OBJC_ARC = YES;
				CLANG_WARN_BOOL_CONVERSION = YES;
				CLANG_WARN_CONSTANT_CONVERSION = YES;
				CLANG_WARN_DIRECT_OBJC_ISA_USAGE = YES_ERROR;
				CLANG_WARN_EMPTY_BODY = YES;
				CLANG_WARN_ENUM_CONVERSION = YES;
				CLANG_WARN_INT_CONVERSION = YES;
				CLANG_WARN_OBJC_ROOT_CLASS = YES_ERROR;
				CLANG_WARN_UNREACHABLE_CODE = YES;
				CLANG_WARN__DUPLICATE_METHOD_MATCH = YES;
				"CODE_SIGN_IDENTITY[sdk=iphoneos*]" = "iPhone Developer";
				COPY_PHASE_STRIP = NO;
				ENABLE_STRICT_OBJC_MSGSEND = YES;
				GCC_C_LANGUAGE_STANDARD = gnu99;
				GCC_DYNAMIC_NO_PIC = NO;
				GCC_OPTIMIZATION_LEVEL = 0;
				GCC_PREPROCESSOR_DEFINITIONS = (
					"DEBUG=1",
					"$(inherited)",
				);
				GCC_SYMBOLS_PRIVATE_EXTERN = NO;
				GCC_WARN_64_TO_32_BIT_CONVERSION = YES;
				GCC_WARN_ABOUT_RETURN_TYPE = YES_ERROR;
				GCC_WARN_UNDECLARED_SELECTOR = YES;
				GCC_WARN_UNINITIALIZED_AUTOS = YES_AGGRESSIVE;
				GCC_WARN_UNUSED_FUNCTION = YES;
				GCC_WARN_UNUSED_VARIABLE = YES;
				IPHONEOS_DEPLOYMENT_TARGET = 8.1;
				MTL_ENABLE_DEBUG_INFO = YES;
				ONLY_ACTIVE_ARCH = YES;
				SDKROOT = iphoneos;
				TARGETED_DEVICE_FAMILY = "1,2";
			};
			name = Debug;
		};
		F8746B301A2E9F1F001C7C10 /* Release */ = {
			isa = XCBuildConfiguration;
			buildSettings = {
				ALWAYS_SEARCH_USER_PATHS = NO;
				CLANG_CXX_LANGUAGE_STANDARD = "gnu++0x";
				CLANG_CXX_LIBRARY = "libc++";
				CLANG_ENABLE_MODULES = YES;
				CLANG_ENABLE_OBJC_ARC = YES;
				CLANG_WARN_BOOL_CONVERSION = YES;
				CLANG_WARN_CONSTANT_CONVERSION = YES;
				CLANG_WARN_DIRECT_OBJC_ISA_USAGE = YES_ERROR;
				CLANG_WARN_EMPTY_BODY = YES;
				CLANG_WARN_ENUM_CONVERSION = YES;
				CLANG_WARN_INT_CONVERSION = YES;
				CLANG_WARN_OBJC_ROOT_CLASS = YES_ERROR;
				CLANG_WARN_UNREACHABLE_CODE = YES;
				CLANG_WARN__DUPLICATE_METHOD_MATCH = YES;
				"CODE_SIGN_IDENTITY[sdk=iphoneos*]" = "iPhone Developer";
				COPY_PHASE_STRIP = YES;
				ENABLE_NS_ASSERTIONS = NO;
				ENABLE_STRICT_OBJC_MSGSEND = YES;
				GCC_C_LANGUAGE_STANDARD = gnu99;
				GCC_WARN_64_TO_32_BIT_CONVERSION = YES;
				GCC_WARN_ABOUT_RETURN_TYPE = YES_ERROR;
				GCC_WARN_UNDECLARED_SELECTOR = YES;
				GCC_WARN_UNINITIALIZED_AUTOS = YES_AGGRESSIVE;
				GCC_WARN_UNUSED_FUNCTION = YES;
				GCC_WARN_UNUSED_VARIABLE = YES;
				IPHONEOS_DEPLOYMENT_TARGET = 8.1;
				MTL_ENABLE_DEBUG_INFO = NO;
				SDKROOT = iphoneos;
				TARGETED_DEVICE_FAMILY = "1,2";
				VALIDATE_PRODUCT = YES;
			};
			name = Release;
		};
		F8746B321A2E9F1F001C7C10 /* Debug */ = {
			isa = XCBuildConfiguration;
			buildSettings = {
				ASSETCATALOG_COMPILER_APPICON_NAME = AppIcon;
				INFOPLIST_FILE = "$(SRCROOT)/SYiOS7ModalFixExample/Info.plist";
				IPHONEOS_DEPLOYMENT_TARGET = 6.0;
				LD_RUNPATH_SEARCH_PATHS = "$(inherited) @executable_path/Frameworks";
				PRODUCT_NAME = SYiOS7ModalFixExample;
			};
			name = Debug;
		};
		F8746B331A2E9F1F001C7C10 /* Release */ = {
			isa = XCBuildConfiguration;
			buildSettings = {
				ASSETCATALOG_COMPILER_APPICON_NAME = AppIcon;
				INFOPLIST_FILE = "$(SRCROOT)/SYiOS7ModalFixExample/Info.plist";
				IPHONEOS_DEPLOYMENT_TARGET = 6.0;
				LD_RUNPATH_SEARCH_PATHS = "$(inherited) @executable_path/Frameworks";
				PRODUCT_NAME = SYiOS7ModalFixExample;
			};
			name = Release;
		};
/* End XCBuildConfiguration section */

/* Begin XCConfigurationList section */
		F8746B091A2E9F1F001C7C10 /* Build configuration list for PBXProject "SYiOS7ModalFixExample" */ = {
			isa = XCConfigurationList;
			buildConfigurations = (
				F8746B2F1A2E9F1F001C7C10 /* Debug */,
				F8746B301A2E9F1F001C7C10 /* Release */,
			);
			defaultConfigurationIsVisible = 0;
			defaultConfigurationName = Release;
		};
		F8746B311A2E9F1F001C7C10 /* Build configuration list for PBXNativeTarget "SYiOS7ModalFixExample" */ = {
			isa = XCConfigurationList;
			buildConfigurations = (
				F8746B321A2E9F1F001C7C10 /* Debug */,
				F8746B331A2E9F1F001C7C10 /* Release */,
			);
			defaultConfigurationIsVisible = 0;
			defaultConfigurationName = Release;
		};
/* End XCConfigurationList section */
	};
	rootObject = F8746B061A2E9F1F001C7C10 /* Project object */;
}
